
Microsoft Visual Studio Solution File, Format Version 12.00
# Visual Studio Version 16
VisualStudioVersion = 16.0.29709.97
MinimumVisualStudioVersion = 10.0.40219.1
Project("{FAE04EC0-301F-11D3-BF4B-00C04F79EFBC}") = "es-interrgazione", "es-interrgazione\es-interrgazione.csproj", "{B03C8909-1372-4A19-A8B3-799BA9D17F92}"
EndProject
Global
	GlobalSection(SolutionConfigurationPlatforms) = preSolution
		Debug|Any CPU = Debug|Any CPU
		Release|Any CPU = Release|Any CPU
	EndGlobalSection
	GlobalSection(ProjectConfigurationPlatforms) = postSolution
		{B03C8909-1372-4A19-A8B3-799BA9D17F92}.Debug|Any CPU.ActiveCfg = Debug|Any CPU
		{B03C8909-1372-4A19-A8B3-799BA9D17F92}.Debug|Any CPU.Build.0 = Debug|Any CPU
		{B03C8909-1372-4A19-A8B3-799BA9D17F92}.Release|Any CPU.ActiveCfg = Release|Any CPU
		{B03C8909-1372-4A19-A8B3-799BA9D17F92}.Release|Any CPU.Build.0 = Release|Any CPU
	EndGlobalSection
	GlobalSection(SolutionProperties) = preSolution
		HideSolutionNode = FALSE
	EndGlobalSection
	GlobalSection(ExtensibilityGlobals) = postSolution
		SolutionGuid = {8594D649-41A2-45B9-9C86-EB4CE47DC4E7}
	EndGlobalSection
EndGlobal
